
Microsoft Visual Studio Solution File, Format Version 12.00
# Visual Studio Version 17
VisualStudioVersion = 17.8.34316.72
MinimumVisualStudioVersion = 10.0.40219.1
Project("{8BC9CEB8-8B4A-11D0-8D11-00A0C91BC942}") = "proj_conf", "proj_conf.vcxproj", "{E18D7AD0-5808-4EE6-8708-C21AA899DB18}"
EndProject
Global
	GlobalSection(SolutionConfigurationPlatforms) = preSolution
		Debug|x64 = Debug|x64
		Debug|x86 = Debug|x86
		Release|x64 = Release|x64
		Release|x86 = Release|x86
	EndGlobalSection
	GlobalSection(ProjectConfigurationPlatforms) = postSolution
		{E18D7AD0-5808-4EE6-8708-C21AA899DB18}.Debug|x64.ActiveCfg = Debug|x64
		{E18D7AD0-5808-4EE6-8708-C21AA899DB18}.Debug|x64.Build.0 = Debug|x64
		{E18D7AD0-5808-4EE6-8708-C21AA899DB18}.Debug|x86.ActiveCfg = Debug|Win32
		{E18D7AD0-5808-4EE6-8708-C21AA899DB18}.Debug|x86.Build.0 = Debug|Win32
		{E18D7AD0-5808-4EE6-8708-C21AA899DB18}.Release|x64.ActiveCfg = Release|x64
		{E18D7AD0-5808-4EE6-8708-C21AA899DB18}.Release|x64.Build.0 = Release|x64
		{E18D7AD0-5808-4EE6-8708-C21AA899DB18}.Release|x86.ActiveCfg = Release|Win32
		{E18D7AD0-5808-4EE6-8708-C21AA899DB18}.Release|x86.Build.0 = Release|Win32
	EndGlobalSection
	GlobalSection(SolutionProperties) = preSolution
		HideSolutionNode = FALSE
	EndGlobalSection
	GlobalSection(ExtensibilityGlobals) = postSolution
		SolutionGuid = {73240606-5F8B-45AB-A1C4-1B8EC4388320}
	EndGlobalSection
EndGlobal
